{
  "name": "maxvp.github.io",
  "lockfileVersion": 2,
  "requires": true,
  "packages": {
    "": {
      "dependencies": {
        "purejs-mousetip": "^2.1.5"
      }
    },
    "node_modules/purejs-mousetip": {
      "version": "2.1.5",
      "resolved": "https://registry.npmjs.org/purejs-mousetip/-/purejs-mousetip-2.1.5.tgz",
      "integrity": "sha512-fgktixtEjkrSqVFZVMg5zCxg0qtI+SGRydx5MmwN3E1nvMNJtxktY9rBXd5zUM2upwX1AK2d152rodmRzPRRKg=="
    }
  },
  "dependencies": {
    "purejs-mousetip": {
      "version": "2.1.5",
      "resolved": "https://registry.npmjs.org/purejs-mousetip/-/purejs-mousetip-2.1.5.tgz",
      "integrity": "sha512-fgktixtEjkrSqVFZVMg5zCxg0qtI+SGRydx5MmwN3E1nvMNJtxktY9rBXd5zUM2upwX1AK2d152rodmRzPRRKg=="
    }
  }
}
